
Microsoft Visual Studio Solution File, Format Version 12.00
# Visual Studio 14
VisualStudioVersion = 14.0.23107.0
MinimumVisualStudioVersion = 10.0.40219.1
Project("{8BC9CEB8-8B4A-11D0-8D11-00A0C91BC942}") = "spfd5408_graphicstest", "spfd5408_graphicstest.vcxproj", "{5054056E-AE53-4A4A-9E47-D0C4F2BE273E}"
EndProject
Global
	GlobalSection(SolutionConfigurationPlatforms) = preSolution
		Debug|x64 = Debug|x64
		Debug|x86 = Debug|x86
		Release|x64 = Release|x64
		Release|x86 = Release|x86
	EndGlobalSection
	GlobalSection(ProjectConfigurationPlatforms) = postSolution
		{5054056E-AE53-4A4A-9E47-D0C4F2BE273E}.Debug|x64.ActiveCfg = Debug|x64
		{5054056E-AE53-4A4A-9E47-D0C4F2BE273E}.Debug|x64.Build.0 = Debug|x64
		{5054056E-AE53-4A4A-9E47-D0C4F2BE273E}.Debug|x86.ActiveCfg = Debug|Win32
		{5054056E-AE53-4A4A-9E47-D0C4F2BE273E}.Debug|x86.Build.0 = Debug|Win32
		{5054056E-AE53-4A4A-9E47-D0C4F2BE273E}.Release|x64.ActiveCfg = Release|x64
		{5054056E-AE53-4A4A-9E47-D0C4F2BE273E}.Release|x64.Build.0 = Release|x64
		{5054056E-AE53-4A4A-9E47-D0C4F2BE273E}.Release|x86.ActiveCfg = Release|Win32
		{5054056E-AE53-4A4A-9E47-D0C4F2BE273E}.Release|x86.Build.0 = Release|Win32
	EndGlobalSection
	GlobalSection(SolutionProperties) = preSolution
		HideSolutionNode = FALSE
	EndGlobalSection
EndGlobal
